
Microsoft Visual Studio Solution File, Format Version 12.00
# Visual Studio Version 17
VisualStudioVersion = 17.12.35514.174
MinimumVisualStudioVersion = 10.0.40219.1
Project("{2150E333-8FDC-42A3-9474-1A3956D46DE8}") = "Adapter", "Adapter", "{01A82B9F-B1D4-44D9-AE4C-0659509AF269}"
EndProject
Project("{2150E333-8FDC-42A3-9474-1A3956D46DE8}") = "AlertApi", "AlertApi", "{F7A3F4B7-29E3-4F71-A2E4-CCCF753B2FAA}"
EndProject
Project("{2150E333-8FDC-42A3-9474-1A3956D46DE8}") = "IncidentReportSystem", "IncidentReportSystem", "{9877956E-ED4B-4188-8DBB-E5FC1A4AAF14}"
EndProject
Project("{2150E333-8FDC-42A3-9474-1A3956D46DE8}") = "UserCatalogSystem", "UserCatalogSystem", "{335B85EA-C6A6-417A-B984-33258E841717}"
EndProject
Project("{2150E333-8FDC-42A3-9474-1A3956D46DE8}") = "NotificationSystem", "NotificationSystem", "{D4A10127-5D49-404A-B7ED-1A6EDC61D73D}"
EndProject
Project("{2150E333-8FDC-42A3-9474-1A3956D46DE8}") = "GlobalAnalysisSystem", "GlobalAnalysisSystem", "{30CF5C0D-4471-4F14-9425-6F626D726153}"
EndProject
Project("{FAE04EC0-301F-11D3-BF4B-00C04F79EFBC}") = "WebAlertApi", "WebAlertApi\WebAlertApi.csproj", "{93745F67-FC7D-4CCA-913E-1E10FB250920}"
	ProjectSection(ProjectDependencies) = postProject
		{08EBCF89-94C8-48FE-8776-CF1976D1D265} = {08EBCF89-94C8-48FE-8776-CF1976D1D265}
		{0F929BB8-FD1C-4B1F-BCE4-FCE21DDEA9A7} = {0F929BB8-FD1C-4B1F-BCE4-FCE21DDEA9A7}
		{24E7EEAD-3AE8-4B99-A7B3-9951BDAC85B0} = {24E7EEAD-3AE8-4B99-A7B3-9951BDAC85B0}
		{40C6E221-73FD-4656-A5E6-03806BF5E0BA} = {40C6E221-73FD-4656-A5E6-03806BF5E0BA}
		{45059062-E129-498F-89D5-41AEBAD48030} = {45059062-E129-498F-89D5-41AEBAD48030}
		{AD5E228D-F61F-4405-B6F8-50636E3C42BF} = {AD5E228D-F61F-4405-B6F8-50636E3C42BF}
		{C969A453-F5E4-43AD-A76A-00E7C0E4C744} = {C969A453-F5E4-43AD-A76A-00E7C0E4C744}
		{DF080165-9E31-4EE4-A70B-D22C5DFC84A9} = {DF080165-9E31-4EE4-A70B-D22C5DFC84A9}
	EndProjectSection
EndProject
Project("{FAE04EC0-301F-11D3-BF4B-00C04F79EFBC}") = "IncidentReportSystem", "IncidentReportSystem\IncidentReportSystem.csproj", "{45059062-E129-498F-89D5-41AEBAD48030}"
EndProject
Project("{FAE04EC0-301F-11D3-BF4B-00C04F79EFBC}") = "NotificationAlertSystem", "NotificationAlertSystem\NotificationAlertSystem.csproj", "{AD5E228D-F61F-4405-B6F8-50636E3C42BF}"
EndProject
Project("{FAE04EC0-301F-11D3-BF4B-00C04F79EFBC}") = "UserCatalogSystem", "UserCatalogSystem\UserCatalogSystem.csproj", "{C969A453-F5E4-43AD-A76A-00E7C0E4C744}"
EndProject
Project("{FAE04EC0-301F-11D3-BF4B-00C04F79EFBC}") = "AnalysisPredictionSystem", "AnalysisPredictionSystem\AnalysisPredictionSystem.csproj", "{DF080165-9E31-4EE4-A70B-D22C5DFC84A9}"
EndProject
Project("{FAE04EC0-301F-11D3-BF4B-00C04F79EFBC}") = "DomainLayer", "DomainLayer\DomainLayer.csproj", "{0F929BB8-FD1C-4B1F-BCE4-FCE21DDEA9A7}"
EndProject
Project("{FAE04EC0-301F-11D3-BF4B-00C04F79EFBC}") = "RepositoryLayer", "RepositoryLayer\RepositoryLayer.csproj", "{24E7EEAD-3AE8-4B99-A7B3-9951BDAC85B0}"
EndProject
Project("{2150E333-8FDC-42A3-9474-1A3956D46DE8}") = "Queuesystem", "Queuesystem", "{36668DE2-2B0A-4592-AC2F-E0ECE0C1BABE}"
EndProject
Project("{FAE04EC0-301F-11D3-BF4B-00C04F79EFBC}") = "KafkaQueueCosumer", "KafkaQueueCosumer\KafkaQueueCosumer.csproj", "{40C6E221-73FD-4656-A5E6-03806BF5E0BA}"
EndProject
Project("{2150E333-8FDC-42A3-9474-1A3956D46DE8}") = "EmergencySystem", "EmergencySystem", "{7016C94E-FC34-4BCC-97B1-2A0FA9B5B2B0}"
EndProject
Project("{FAE04EC0-301F-11D3-BF4B-00C04F79EFBC}") = "EmergencydetailsService", "EmergencydetailsService\EmergencydetailsService.csproj", "{08EBCF89-94C8-48FE-8776-CF1976D1D265}"
EndProject
Global
	GlobalSection(SolutionConfigurationPlatforms) = preSolution
		Debug|Any CPU = Debug|Any CPU
		Release|Any CPU = Release|Any CPU
	EndGlobalSection
	GlobalSection(ProjectConfigurationPlatforms) = postSolution
		{93745F67-FC7D-4CCA-913E-1E10FB250920}.Debug|Any CPU.ActiveCfg = Debug|Any CPU
		{93745F67-FC7D-4CCA-913E-1E10FB250920}.Debug|Any CPU.Build.0 = Debug|Any CPU
		{93745F67-FC7D-4CCA-913E-1E10FB250920}.Release|Any CPU.ActiveCfg = Release|Any CPU
		{93745F67-FC7D-4CCA-913E-1E10FB250920}.Release|Any CPU.Build.0 = Release|Any CPU
		{45059062-E129-498F-89D5-41AEBAD48030}.Debug|Any CPU.ActiveCfg = Debug|Any CPU
		{45059062-E129-498F-89D5-41AEBAD48030}.Debug|Any CPU.Build.0 = Debug|Any CPU
		{45059062-E129-498F-89D5-41AEBAD48030}.Release|Any CPU.ActiveCfg = Release|Any CPU
		{45059062-E129-498F-89D5-41AEBAD48030}.Release|Any CPU.Build.0 = Release|Any CPU
		{AD5E228D-F61F-4405-B6F8-50636E3C42BF}.Debug|Any CPU.ActiveCfg = Debug|Any CPU
		{AD5E228D-F61F-4405-B6F8-50636E3C42BF}.Debug|Any CPU.Build.0 = Debug|Any CPU
		{AD5E228D-F61F-4405-B6F8-50636E3C42BF}.Release|Any CPU.ActiveCfg = Release|Any CPU
		{AD5E228D-F61F-4405-B6F8-50636E3C42BF}.Release|Any CPU.Build.0 = Release|Any CPU
		{C969A453-F5E4-43AD-A76A-00E7C0E4C744}.Debug|Any CPU.ActiveCfg = Debug|Any CPU
		{C969A453-F5E4-43AD-A76A-00E7C0E4C744}.Debug|Any CPU.Build.0 = Debug|Any CPU
		{C969A453-F5E4-43AD-A76A-00E7C0E4C744}.Release|Any CPU.ActiveCfg = Release|Any CPU
		{C969A453-F5E4-43AD-A76A-00E7C0E4C744}.Release|Any CPU.Build.0 = Release|Any CPU
		{DF080165-9E31-4EE4-A70B-D22C5DFC84A9}.Debug|Any CPU.ActiveCfg = Debug|Any CPU
		{DF080165-9E31-4EE4-A70B-D22C5DFC84A9}.Debug|Any CPU.Build.0 = Debug|Any CPU
		{DF080165-9E31-4EE4-A70B-D22C5DFC84A9}.Release|Any CPU.ActiveCfg = Release|Any CPU
		{DF080165-9E31-4EE4-A70B-D22C5DFC84A9}.Release|Any CPU.Build.0 = Release|Any CPU
		{0F929BB8-FD1C-4B1F-BCE4-FCE21DDEA9A7}.Debug|Any CPU.ActiveCfg = Debug|Any CPU
		{0F929BB8-FD1C-4B1F-BCE4-FCE21DDEA9A7}.Debug|Any CPU.Build.0 = Debug|Any CPU
		{0F929BB8-FD1C-4B1F-BCE4-FCE21DDEA9A7}.Release|Any CPU.ActiveCfg = Release|Any CPU
		{0F929BB8-FD1C-4B1F-BCE4-FCE21DDEA9A7}.Release|Any CPU.Build.0 = Release|Any CPU
		{24E7EEAD-3AE8-4B99-A7B3-9951BDAC85B0}.Debug|Any CPU.ActiveCfg = Debug|Any CPU
		{24E7EEAD-3AE8-4B99-A7B3-9951BDAC85B0}.Debug|Any CPU.Build.0 = Debug|Any CPU
		{24E7EEAD-3AE8-4B99-A7B3-9951BDAC85B0}.Release|Any CPU.ActiveCfg = Release|Any CPU
		{24E7EEAD-3AE8-4B99-A7B3-9951BDAC85B0}.Release|Any CPU.Build.0 = Release|Any CPU
		{40C6E221-73FD-4656-A5E6-03806BF5E0BA}.Debug|Any CPU.ActiveCfg = Debug|Any CPU
		{40C6E221-73FD-4656-A5E6-03806BF5E0BA}.Debug|Any CPU.Build.0 = Debug|Any CPU
		{40C6E221-73FD-4656-A5E6-03806BF5E0BA}.Release|Any CPU.ActiveCfg = Release|Any CPU
		{40C6E221-73FD-4656-A5E6-03806BF5E0BA}.Release|Any CPU.Build.0 = Release|Any CPU
		{08EBCF89-94C8-48FE-8776-CF1976D1D265}.Debug|Any CPU.ActiveCfg = Debug|Any CPU
		{08EBCF89-94C8-48FE-8776-CF1976D1D265}.Debug|Any CPU.Build.0 = Debug|Any CPU
		{08EBCF89-94C8-48FE-8776-CF1976D1D265}.Release|Any CPU.ActiveCfg = Release|Any CPU
		{08EBCF89-94C8-48FE-8776-CF1976D1D265}.Release|Any CPU.Build.0 = Release|Any CPU
	EndGlobalSection
	GlobalSection(SolutionProperties) = preSolution
		HideSolutionNode = FALSE
	EndGlobalSection
	GlobalSection(NestedProjects) = preSolution
		{93745F67-FC7D-4CCA-913E-1E10FB250920} = {F7A3F4B7-29E3-4F71-A2E4-CCCF753B2FAA}
		{45059062-E129-498F-89D5-41AEBAD48030} = {9877956E-ED4B-4188-8DBB-E5FC1A4AAF14}
		{AD5E228D-F61F-4405-B6F8-50636E3C42BF} = {D4A10127-5D49-404A-B7ED-1A6EDC61D73D}
		{C969A453-F5E4-43AD-A76A-00E7C0E4C744} = {335B85EA-C6A6-417A-B984-33258E841717}
		{DF080165-9E31-4EE4-A70B-D22C5DFC84A9} = {30CF5C0D-4471-4F14-9425-6F626D726153}
		{0F929BB8-FD1C-4B1F-BCE4-FCE21DDEA9A7} = {01A82B9F-B1D4-44D9-AE4C-0659509AF269}
		{24E7EEAD-3AE8-4B99-A7B3-9951BDAC85B0} = {01A82B9F-B1D4-44D9-AE4C-0659509AF269}
		{40C6E221-73FD-4656-A5E6-03806BF5E0BA} = {36668DE2-2B0A-4592-AC2F-E0ECE0C1BABE}
		{08EBCF89-94C8-48FE-8776-CF1976D1D265} = {7016C94E-FC34-4BCC-97B1-2A0FA9B5B2B0}
	EndGlobalSection
EndGlobal
